
Microsoft Visual Studio Solution File, Format Version 12.00
# Visual Studio Version 17
VisualStudioVersion = 17.8.34330.188
MinimumVisualStudioVersion = 10.0.40219.1
Project("{FAE04EC0-301F-11D3-BF4B-00C04F79EFBC}") = "BrysonBlazorSnippets", "BrysonBlazorSnippets\BrysonBlazorSnippets\BrysonBlazorSnippets.csproj", "{D7286B92-3BD7-40F4-961E-BCB0A3560DA2}"
EndProject
Project("{FAE04EC0-301F-11D3-BF4B-00C04F79EFBC}") = "BrysonBlazorSnippets.Client", "BrysonBlazorSnippets\BrysonBlazorSnippets.Client\BrysonBlazorSnippets.Client.csproj", "{8341B3F0-FB36-4E84-931E-2DCA319E4628}"
EndProject
Global
	GlobalSection(SolutionConfigurationPlatforms) = preSolution
		Debug|Any CPU = Debug|Any CPU
		Release|Any CPU = Release|Any CPU
	EndGlobalSection
	GlobalSection(ProjectConfigurationPlatforms) = postSolution
		{D7286B92-3BD7-40F4-961E-BCB0A3560DA2}.Debug|Any CPU.ActiveCfg = Debug|Any CPU
		{D7286B92-3BD7-40F4-961E-BCB0A3560DA2}.Debug|Any CPU.Build.0 = Debug|Any CPU
		{D7286B92-3BD7-40F4-961E-BCB0A3560DA2}.Release|Any CPU.ActiveCfg = Release|Any CPU
		{D7286B92-3BD7-40F4-961E-BCB0A3560DA2}.Release|Any CPU.Build.0 = Release|Any CPU
		{8341B3F0-FB36-4E84-931E-2DCA319E4628}.Debug|Any CPU.ActiveCfg = Debug|Any CPU
		{8341B3F0-FB36-4E84-931E-2DCA319E4628}.Debug|Any CPU.Build.0 = Debug|Any CPU
		{8341B3F0-FB36-4E84-931E-2DCA319E4628}.Release|Any CPU.ActiveCfg = Release|Any CPU
		{8341B3F0-FB36-4E84-931E-2DCA319E4628}.Release|Any CPU.Build.0 = Release|Any CPU
	EndGlobalSection
	GlobalSection(SolutionProperties) = preSolution
		HideSolutionNode = FALSE
	EndGlobalSection
	GlobalSection(ExtensibilityGlobals) = postSolution
		SolutionGuid = {30A23CD7-8EDF-4C09-B3A0-B37AB42B9A6E}
	EndGlobalSection
EndGlobal
